
Microsoft Visual Studio Solution File, Format Version 12.00
# Visual Studio 15
VisualStudioVersion = 15.0.27130.2036
MinimumVisualStudioVersion = 10.0.40219.1
Project("{FAE04EC0-301F-11D3-BF4B-00C04F79EFBC}") = "DatabaseLayer", "DatabaseLayer\DatabaseLayer.csproj", "{ADDAF72E-52EE-4D71-836B-7194475D413F}"
EndProject
Project("{FAE04EC0-301F-11D3-BF4B-00C04F79EFBC}") = "RepositoryLayer", "RepositoryLayer\RepositoryLayer.csproj", "{524E98BB-BFD7-4C63-A702-4ACFE4D788E8}"
EndProject
Project("{FAE04EC0-301F-11D3-BF4B-00C04F79EFBC}") = "Survey_MVC", "Survey_MVC\Survey_MVC.csproj", "{42573823-432B-4B7C-B71C-87F03CF025DC}"
EndProject
Project("{FAE04EC0-301F-11D3-BF4B-00C04F79EFBC}") = "DataTransferObjects", "DataTransferObjects\DataTransferObjects.csproj", "{8534EE44-C05C-436C-8B5F-3006DFDD1E93}"
EndProject
Global
	GlobalSection(SolutionConfigurationPlatforms) = preSolution
		Debug|Any CPU = Debug|Any CPU
		Release|Any CPU = Release|Any CPU
	EndGlobalSection
	GlobalSection(ProjectConfigurationPlatforms) = postSolution
		{ADDAF72E-52EE-4D71-836B-7194475D413F}.Debug|Any CPU.ActiveCfg = Debug|Any CPU
		{ADDAF72E-52EE-4D71-836B-7194475D413F}.Debug|Any CPU.Build.0 = Debug|Any CPU
		{ADDAF72E-52EE-4D71-836B-7194475D413F}.Release|Any CPU.ActiveCfg = Release|Any CPU
		{ADDAF72E-52EE-4D71-836B-7194475D413F}.Release|Any CPU.Build.0 = Release|Any CPU
		{524E98BB-BFD7-4C63-A702-4ACFE4D788E8}.Debug|Any CPU.ActiveCfg = Debug|Any CPU
		{524E98BB-BFD7-4C63-A702-4ACFE4D788E8}.Debug|Any CPU.Build.0 = Debug|Any CPU
		{524E98BB-BFD7-4C63-A702-4ACFE4D788E8}.Release|Any CPU.ActiveCfg = Release|Any CPU
		{524E98BB-BFD7-4C63-A702-4ACFE4D788E8}.Release|Any CPU.Build.0 = Release|Any CPU
		{42573823-432B-4B7C-B71C-87F03CF025DC}.Debug|Any CPU.ActiveCfg = Debug|Any CPU
		{42573823-432B-4B7C-B71C-87F03CF025DC}.Debug|Any CPU.Build.0 = Debug|Any CPU
		{42573823-432B-4B7C-B71C-87F03CF025DC}.Release|Any CPU.ActiveCfg = Release|Any CPU
		{42573823-432B-4B7C-B71C-87F03CF025DC}.Release|Any CPU.Build.0 = Release|Any CPU
		{8534EE44-C05C-436C-8B5F-3006DFDD1E93}.Debug|Any CPU.ActiveCfg = Debug|Any CPU
		{8534EE44-C05C-436C-8B5F-3006DFDD1E93}.Debug|Any CPU.Build.0 = Debug|Any CPU
		{8534EE44-C05C-436C-8B5F-3006DFDD1E93}.Release|Any CPU.ActiveCfg = Release|Any CPU
		{8534EE44-C05C-436C-8B5F-3006DFDD1E93}.Release|Any CPU.Build.0 = Release|Any CPU
	EndGlobalSection
	GlobalSection(SolutionProperties) = preSolution
		HideSolutionNode = FALSE
	EndGlobalSection
	GlobalSection(ExtensibilityGlobals) = postSolution
		SolutionGuid = {F7D66A0B-CE96-400F-A483-96C7D01FD203}
	EndGlobalSection
EndGlobal
